<?xml version="1.0" encoding="utf-8"?>
<Project ToolsVersion="4.0" xmlns="http://schemas.microsoft.com/developer/msbuild/2003">
  <ItemGroup>
    <Filter Include="Source Files">
      <UniqueIdentifier>{4FC737F1-C7A5-4376-A066-2A32D752A2FF}</UniqueIdentifier>
      <Extensions>cpp;c;cc;cxx;def;odl;idl;hpj;bat;asm;asmx</Extensions>
    </Filter>
    <Filter Include="Header Files">
      <UniqueIdentifier>{93995380-89BD-4b04-88EB-625FBE52EBFB}</UniqueIdentifier>
      <Extensions>h;hh;hpp;hxx;hm;inl;inc;xsd</Extensions>
    </Filter>
    <Filter Include="Resource Files">
      <UniqueIdentifier>{67DA6AB6-F800-4c08-8B7A-83BB121AAD01}</UniqueIdentifier>
      <Extensions>rc;ico;cur;bmp;dlg;rc2;rct;bin;rgs;gif;jpg;jpeg;jpe;resx;tiff;tif;png;wav;mfcribbon-ms</Extensions>
    </Filter>
    <Filter Include="Resource Files\Shaders">
      <UniqueIdentifier>{a483d640-b63b-4412-90f8-6d263f4cb798}</UniqueIdentifier>
    </Filter>
    <Filter Include="Resource Files\Shaders\Vertex">
      <UniqueIdentifier>{0e891b05-cf08-4480-9464-7e8af2344168}</UniqueIdentifier>
    </Filter>
    <Filter Include="Resource Files\Shaders\Fragmet">
      <UniqueIdentifier>{a8fde71b-e7ff-426f-8a18-200799040003}</UniqueIdentifier>
    </Filter>
  </ItemGroup>
  <ItemGroup>
    <ClCompile Include="HG3D Engine.cpp">
      <Filter>Source Files</Filter>
    </ClCompile>
    <ClCompile Include="Math.cpp">
      <Filter>Source Files</Filter>
    </ClCompile>
    <ClCompile Include="list.cpp">
      <Filter>Source Files</Filter>
    </ClCompile>
    <ClCompile Include="obj_parser.cpp">
      <Filter>Source Files</Filter>
    </ClCompile>
    <ClCompile Include="objLoader.cpp">
      <Filter>Source Files</Filter>
    </ClCompile>
    <ClCompile Include="Mesh.cpp">
      <Filter>Source Files</Filter>
    </ClCompile>
    <ClCompile Include="string_extra.cpp">
      <Filter>Source Files</Filter>
    </ClCompile>
    <ClCompile Include="Renderer.cpp">
      <Filter>Source Files</Filter>
    </ClCompile>
  </ItemGroup>
  <ItemGroup>
    <ClInclude Include="HG3D Engine.h">
      <Filter>Header Files</Filter>
    </ClInclude>
    <ClInclude Include="list.h">
      <Filter>Header Files</Filter>
    </ClInclude>
    <ClInclude Include="obj_parser.h">
      <Filter>Header Files</Filter>
    </ClInclude>
    <ClInclude Include="objLoader.h">
      <Filter>Header Files</Filter>
    </ClInclude>
    <ClInclude Include="string_extra.h">
      <Filter>Header Files</Filter>
    </ClInclude>
    <ClInclude Include="GLew.h">
      <Filter>Header Files</Filter>
    </ClInclude>
  </ItemGroup>
  <ItemGroup>
    <Text Include="FS00.txt">
      <Filter>Resource Files\Shaders\Fragmet</Filter>
    </Text>
    <Text Include="VS00.txt">
      <Filter>Resource Files\Shaders\Vertex</Filter>
    </Text>
    <Text Include="FS01.txt">
      <Filter>Resource Files\Shaders\Fragmet</Filter>
    </Text>
    <Text Include="VS01.txt">
      <Filter>Resource Files\Shaders\Vertex</Filter>
    </Text>
    <Text Include="FS02.txt">
      <Filter>Resource Files\Shaders\Fragmet</Filter>
    </Text>
    <Text Include="VS02.txt">
      <Filter>Resource Files\Shaders\Vertex</Filter>
    </Text>
    <Text Include="FS03.txt">
      <Filter>Resource Files\Shaders\Fragmet</Filter>
    </Text>
    <Text Include="VS03.txt">
      <Filter>Resource Files\Shaders\Vertex</Filter>
    </Text>
    <Text Include="FS04.txt">
      <Filter>Resource Files\Shaders\Fragmet</Filter>
    </Text>
    <Text Include="VS04.txt">
      <Filter>Resource Files\Shaders\Vertex</Filter>
    </Text>
  </ItemGroup>
</Project>