<?xml version="1.0" encoding="utf-8"?>
<Project ToolsVersion="4.0" xmlns="http://schemas.microsoft.com/developer/msbuild/2003">
  <ItemGroup>
    <Filter Include="Source Files">
      <UniqueIdentifier>{4FC737F1-C7A5-4376-A066-2A32D752A2FF}</UniqueIdentifier>
      <Extensions>cpp;c;cc;cxx;def;odl;idl;hpj;bat;asm;asmx</Extensions>
    </Filter>
    <Filter Include="Header Files">
      <UniqueIdentifier>{93995380-89BD-4b04-88EB-625FBE52EBFB}</UniqueIdentifier>
      <Extensions>h;hh;hpp;hxx;hm;inl;inc;xsd</Extensions>
    </Filter>
    <Filter Include="Resource Files">
      <UniqueIdentifier>{67DA6AB6-F800-4c08-8B7A-83BB121AAD01}</UniqueIdentifier>
      <Extensions>rc;ico;cur;bmp;dlg;rc2;rct;bin;rgs;gif;jpg;jpeg;jpe;resx;tiff;tif;png;wav;mfcribbon-ms</Extensions>
    </Filter>
    <Filter Include="Header Files\CollisionShapes">
      <UniqueIdentifier>{9a1107c2-1614-4634-a18a-b6a0b37de9b8}</UniqueIdentifier>
    </Filter>
    <Filter Include="Source Files\CollisionShapes">
      <UniqueIdentifier>{b26d1aa7-0e7c-4e96-bb8c-85320efdab15}</UniqueIdentifier>
    </Filter>
    <Filter Include="Source Files\PhysicsObject">
      <UniqueIdentifier>{cf4a5385-7498-4d32-aa89-064583581771}</UniqueIdentifier>
    </Filter>
    <Filter Include="Header Files\PhysicsObject">
      <UniqueIdentifier>{97333444-2769-4634-9275-c1ed438d2e70}</UniqueIdentifier>
    </Filter>
    <Filter Include="Header Files\PhysicsWorld">
      <UniqueIdentifier>{92bf9811-5618-4f10-acd2-ebbbaf25c0e2}</UniqueIdentifier>
    </Filter>
    <Filter Include="Source Files\PhysicsWorld">
      <UniqueIdentifier>{bc099d8d-41f8-4b80-bee9-5fe9bcec2428}</UniqueIdentifier>
    </Filter>
    <Filter Include="Header Files\Others">
      <UniqueIdentifier>{73831b48-36f3-4592-a9c3-766cea5d95b7}</UniqueIdentifier>
    </Filter>
  </ItemGroup>
  <ItemGroup>
    <ClInclude Include="AABB.h">
      <Filter>Header Files\CollisionShapes</Filter>
    </ClInclude>
    <ClInclude Include="Sphere.h">
      <Filter>Header Files\CollisionShapes</Filter>
    </ClInclude>
    <ClInclude Include="Object.h">
      <Filter>Header Files\PhysicsObject</Filter>
    </ClInclude>
    <ClInclude Include="PhysicsWorld.h">
      <Filter>Header Files\PhysicsWorld</Filter>
    </ClInclude>
    <ClInclude Include="BasicIncludes.h">
      <Filter>Header Files\Others</Filter>
    </ClInclude>
    <ClInclude Include="defines.h">
      <Filter>Header Files\Others</Filter>
    </ClInclude>
  </ItemGroup>
  <ItemGroup>
    <ClCompile Include="Sphere.cpp">
      <Filter>Source Files\CollisionShapes</Filter>
    </ClCompile>
    <ClCompile Include="Object.cpp">
      <Filter>Source Files\PhysicsObject</Filter>
    </ClCompile>
    <ClCompile Include="PhysicsWorld.cpp">
      <Filter>Source Files\PhysicsWorld</Filter>
    </ClCompile>
    <ClCompile Include="AABB.cpp">
      <Filter>Source Files\CollisionShapes</Filter>
    </ClCompile>
  </ItemGroup>
</Project>